
Microsoft Visual Studio Solution File, Format Version 12.00
# Visual Studio Version 16
VisualStudioVersion = 16.0.30011.22
MinimumVisualStudioVersion = 10.0.40219.1
Project("{FAE04EC0-301F-11D3-BF4B-00C04F79EFBC}") = "Albert_Docker", "Albert_Docker\Albert_Docker.csproj", "{9113AE49-6A49-48E0-84EF-53449C1AB706}"
EndProject
Global
	GlobalSection(SolutionConfigurationPlatforms) = preSolution
		Debug|Any CPU = Debug|Any CPU
		Release|Any CPU = Release|Any CPU
	EndGlobalSection
	GlobalSection(ProjectConfigurationPlatforms) = postSolution
		{9113AE49-6A49-48E0-84EF-53449C1AB706}.Debug|Any CPU.ActiveCfg = Debug|Any CPU
		{9113AE49-6A49-48E0-84EF-53449C1AB706}.Debug|Any CPU.Build.0 = Debug|Any CPU
		{9113AE49-6A49-48E0-84EF-53449C1AB706}.Release|Any CPU.ActiveCfg = Release|Any CPU
		{9113AE49-6A49-48E0-84EF-53449C1AB706}.Release|Any CPU.Build.0 = Release|Any CPU
	EndGlobalSection
	GlobalSection(SolutionProperties) = preSolution
		HideSolutionNode = FALSE
	EndGlobalSection
	GlobalSection(ExtensibilityGlobals) = postSolution
		SolutionGuid = {F917DFD0-2084-42E2-9E76-AB0AB7E9C74E}
	EndGlobalSection
EndGlobal
